NeoBundleLock Spacegray.vim 1c10d0da045609910e8fb03b33c043bbcff35d9e
NeoBundleLock nerdtree 0b44415a3302030b56755cc1135ca9ca57dc1ada
NeoBundleLock supertab 9f7da6d4988daf863ebc414f221bb12c2614f59e
NeoBundleLock syntastic 85cde9235c06e6d4ec631551fb0fc57fe676f05c
NeoBundleLock tComment e9ee1caada3338387ed4702db463323cfee8e925
NeoBundleLock tagbar 7b36c46d17d57db34fdb0adac9ba6382d0bb5e66
NeoBundleLock tern_for_vim e044f14efa3f5a88f7ef1acfe551b0a904605a44
NeoBundleLock unite.vim a25a0324d9664da1ae392c861539fd389e2c1a9b
NeoBundleLock vim-airline 14d14cf951c08fc88ca6c3e6f28fe47b99421e23
NeoBundleLock vim-fugitive 1ecd12d523ffe031b5840316eeae1f24dd8920e4
NeoBundleLock vim-jst eb25d585c9ff0f5152cea4c64c2db2228c7347bf
NeoBundleLock vim-run-interactive 060a9fcb69f1da0824fcfe6d4055597abad8fc2e
NeoBundleLock vim-wakatime 9fd813c489958f98f5e8b215ab8b91b47f86fb5a
NeoBundleLock vimproc.vim ee10f742304fc222e7fef694c67ca900c35fc579
