NeoBundleLock Spacegray.vim 1c10d0da045609910e8fb03b33c043bbcff35d9e
NeoBundleLock syntastic cc440f1b40adcdc0a5aabbc786a8d1750eefd3ee
NeoBundleLock tComment e9ee1caada3338387ed4702db463323cfee8e925
NeoBundleLock tagbar 7b36c46d17d57db34fdb0adac9ba6382d0bb5e66
NeoBundleLock unite.vim c9ce3b13c19352e3b791db227aa373c0b028d656
NeoBundleLock vim-airline d7f4fbf5298f9d941a9a1464c5f08c32cf759d34
NeoBundleLock vim-fugitive 9835920a3c91236021fc8c88cc4157304e24356b
NeoBundleLock vim-jst eb25d585c9ff0f5152cea4c64c2db2228c7347bf
NeoBundleLock vim-run-interactive 060a9fcb69f1da0824fcfe6d4055597abad8fc2e
NeoBundleLock vim-wakatime 91262cb3c04fe4d98ecdffe8da2197537c66359c
NeoBundleLock vimproc.vim aa075b9b56839e1adb08421d2e9837f90e59acad
